
Microsoft Visual Studio Solution File, Format Version 12.00
# Visual Studio Version 17
VisualStudioVersion = 17.11.35312.102
MinimumVisualStudioVersion = 10.0.40219.1
Project("{FAE04EC0-301F-11D3-BF4B-00C04F79EFBC}") = "ONENUMBER_SERYY_MARK_ИП1-22.cs", "ONENUMBER_SERYY_MARK_ИП1-22.cs\ONENUMBER_SERYY_MARK_ИП1-22.cs.csproj", "{9A212DAA-8EC5-4B06-8C6A-0FA7B2B33323}"
EndProject
Global
	GlobalSection(SolutionConfigurationPlatforms) = preSolution
		Debug|Any CPU = Debug|Any CPU
		Release|Any CPU = Release|Any CPU
	EndGlobalSection
	GlobalSection(ProjectConfigurationPlatforms) = postSolution
		{9A212DAA-8EC5-4B06-8C6A-0FA7B2B33323}.Debug|Any CPU.ActiveCfg = Debug|Any CPU
		{9A212DAA-8EC5-4B06-8C6A-0FA7B2B33323}.Debug|Any CPU.Build.0 = Debug|Any CPU
		{9A212DAA-8EC5-4B06-8C6A-0FA7B2B33323}.Release|Any CPU.ActiveCfg = Release|Any CPU
		{9A212DAA-8EC5-4B06-8C6A-0FA7B2B33323}.Release|Any CPU.Build.0 = Release|Any CPU
	EndGlobalSection
	GlobalSection(SolutionProperties) = preSolution
		HideSolutionNode = FALSE
	EndGlobalSection
	GlobalSection(ExtensibilityGlobals) = postSolution
		SolutionGuid = {F3867501-2A22-4BCC-9D12-B78D9CD62B23}
	EndGlobalSection
EndGlobal
